
Microsoft Visual Studio Solution File, Format Version 12.00
# Visual Studio Version 17
VisualStudioVersion = 17.4.33205.214
MinimumVisualStudioVersion = 10.0.40219.1
Project("{FAE04EC0-301F-11D3-BF4B-00C04F79EFBC}") = "Staycation_M_V_C", "Staycation_M_V_C\Staycation_M_V_C.csproj", "{5BC9CD18-DB78-4F89-B256-BD03BE352621}"
EndProject
Project("{FAE04EC0-301F-11D3-BF4B-00C04F79EFBC}") = "Staycation.Core", "Staycation.Core\Staycation.Core.csproj", "{C1B31088-273C-4F98-AF88-F31C04366A6D}"
EndProject
Project("{FAE04EC0-301F-11D3-BF4B-00C04F79EFBC}") = "Staycation.Domain", "Staycation.Domain\Staycation.Domain.csproj", "{E7A998BF-E314-418B-963C-902327F82379}"
EndProject
Project("{FAE04EC0-301F-11D3-BF4B-00C04F79EFBC}") = "Staycation.Infrastructures", "Staycation.Infrastructures\Staycation.Infrastructures.csproj", "{753067B5-E534-475B-81A1-2463F5E79FCB}"
EndProject
Project("{FAE04EC0-301F-11D3-BF4B-00C04F79EFBC}") = "HotelDto", "HotelDto\HotelDto.csproj", "{F87263EA-273E-42F8-891A-3257966328B5}"
EndProject
Global
	GlobalSection(SolutionConfigurationPlatforms) = preSolution
		Debug|Any CPU = Debug|Any CPU
		Release|Any CPU = Release|Any CPU
	EndGlobalSection
	GlobalSection(ProjectConfigurationPlatforms) = postSolution
		{5BC9CD18-DB78-4F89-B256-BD03BE352621}.Debug|Any CPU.ActiveCfg = Debug|Any CPU
		{5BC9CD18-DB78-4F89-B256-BD03BE352621}.Debug|Any CPU.Build.0 = Debug|Any CPU
		{5BC9CD18-DB78-4F89-B256-BD03BE352621}.Release|Any CPU.ActiveCfg = Release|Any CPU
		{5BC9CD18-DB78-4F89-B256-BD03BE352621}.Release|Any CPU.Build.0 = Release|Any CPU
		{C1B31088-273C-4F98-AF88-F31C04366A6D}.Debug|Any CPU.ActiveCfg = Debug|Any CPU
		{C1B31088-273C-4F98-AF88-F31C04366A6D}.Debug|Any CPU.Build.0 = Debug|Any CPU
		{C1B31088-273C-4F98-AF88-F31C04366A6D}.Release|Any CPU.ActiveCfg = Release|Any CPU
		{C1B31088-273C-4F98-AF88-F31C04366A6D}.Release|Any CPU.Build.0 = Release|Any CPU
		{E7A998BF-E314-418B-963C-902327F82379}.Debug|Any CPU.ActiveCfg = Debug|Any CPU
		{E7A998BF-E314-418B-963C-902327F82379}.Debug|Any CPU.Build.0 = Debug|Any CPU
		{E7A998BF-E314-418B-963C-902327F82379}.Release|Any CPU.ActiveCfg = Release|Any CPU
		{E7A998BF-E314-418B-963C-902327F82379}.Release|Any CPU.Build.0 = Release|Any CPU
		{753067B5-E534-475B-81A1-2463F5E79FCB}.Debug|Any CPU.ActiveCfg = Debug|Any CPU
		{753067B5-E534-475B-81A1-2463F5E79FCB}.Debug|Any CPU.Build.0 = Debug|Any CPU
		{753067B5-E534-475B-81A1-2463F5E79FCB}.Release|Any CPU.ActiveCfg = Release|Any CPU
		{753067B5-E534-475B-81A1-2463F5E79FCB}.Release|Any CPU.Build.0 = Release|Any CPU
		{F87263EA-273E-42F8-891A-3257966328B5}.Debug|Any CPU.ActiveCfg = Debug|Any CPU
		{F87263EA-273E-42F8-891A-3257966328B5}.Debug|Any CPU.Build.0 = Debug|Any CPU
		{F87263EA-273E-42F8-891A-3257966328B5}.Release|Any CPU.ActiveCfg = Release|Any CPU
		{F87263EA-273E-42F8-891A-3257966328B5}.Release|Any CPU.Build.0 = Release|Any CPU
	EndGlobalSection
	GlobalSection(SolutionProperties) = preSolution
		HideSolutionNode = FALSE
	EndGlobalSection
	GlobalSection(ExtensibilityGlobals) = postSolution
		SolutionGuid = {7D2FDEAA-1D24-414B-8114-408288ECEBDB}
	EndGlobalSection
EndGlobal
